
Microsoft Visual Studio Solution File, Format Version 12.00
# Visual Studio Version 17
VisualStudioVersion = 17.4.33205.214
MinimumVisualStudioVersion = 10.0.40219.1
Project("{9A19103F-16F7-4668-BE54-9A1E7A4F7556}") = "Tareas MVC", "Tareas MVC\Tareas MVC.csproj", "{054AC452-5F9F-4E67-A9F7-C631AE4BF8A2}"
EndProject
Global
	GlobalSection(SolutionConfigurationPlatforms) = preSolution
		Debug|Any CPU = Debug|Any CPU
		Release|Any CPU = Release|Any CPU
	EndGlobalSection
	GlobalSection(ProjectConfigurationPlatforms) = postSolution
		{054AC452-5F9F-4E67-A9F7-C631AE4BF8A2}.Debug|Any CPU.ActiveCfg = Debug|Any CPU
		{054AC452-5F9F-4E67-A9F7-C631AE4BF8A2}.Debug|Any CPU.Build.0 = Debug|Any CPU
		{054AC452-5F9F-4E67-A9F7-C631AE4BF8A2}.Release|Any CPU.ActiveCfg = Release|Any CPU
		{054AC452-5F9F-4E67-A9F7-C631AE4BF8A2}.Release|Any CPU.Build.0 = Release|Any CPU
	EndGlobalSection
	GlobalSection(SolutionProperties) = preSolution
		HideSolutionNode = FALSE
	EndGlobalSection
	GlobalSection(ExtensibilityGlobals) = postSolution
		SolutionGuid = {00895791-2F46-4E2A-9629-904C5995F14B}
	EndGlobalSection
EndGlobal
